dependencies:
- name: microservicio
  repository: file://charts/microservicio
  version: 0.1.0
- name: microservicio
  repository: file://charts/microservicio
  version: 0.1.0
- name: microservicio
  repository: file://charts/microservicio
  version: 0.1.0
- name: microservicio
  repository: file://charts/microservicio
  version: 0.1.0
- name: microservicio
  repository: file://charts/microservicio
  version: 0.1.0
- name: microservicio
  repository: file://charts/microservicio
  version: 0.1.0
- name: microservicio
  repository: file://charts/microservicio
  version: 0.1.0
- name: microservicio
  repository: file://charts/microservicio
  version: 0.1.0
- name: postgresql
  repository: oci://registry-1.docker.io/bitnamicharts
  version: 16.7.27
- name: postgresql
  repository: oci://registry-1.docker.io/bitnamicharts
  version: 16.7.27
- name: postgresql
  repository: oci://registry-1.docker.io/bitnamicharts
  version: 16.7.27
- name: postgresql
  repository: oci://registry-1.docker.io/bitnamicharts
  version: 16.7.27
- name: postgresql
  repository: oci://registry-1.docker.io/bitnamicharts
  version: 16.7.27
- name: postgresql
  repository: oci://registry-1.docker.io/bitnamicharts
  version: 16.7.27
- name: rabbitmq
  repository: oci://registry-1.docker.io/bitnamicharts
  version: 16.0.14
digest: sha256:e8d9055df2d052ce69a62e8918d732cda35a6186b47af3a6acdadf52eead3a92
generated: "2026-09-03T13:08:57.5105989-06:00"
